Microsoft Visual Studio Solution File, Format Version 8.00
Project("{FAE04EC0-301F-11D3-BF4B-00C04F79EFBC}") = "Stomp.Client", "Stomp.Client\Stomp.Client.csproj", "{133FE223-F744-4EB9-B0DB-5C56A6E8C06D}"
	ProjectSection(ProjectDependencies) = postProject
	EndProjectSection
EndProject
Project("{FAE04EC0-301F-11D3-BF4B-00C04F79EFBC}") = "Stomp.Test", "Stomp.Test\Stomp.Test.csproj", "{3B55693D-29E8-4CCC-B798-F52430DD99AA}"
	ProjectSection(ProjectDependencies) = postProject
	EndProjectSection
EndProject
Global
	GlobalSection(SolutionConfiguration) = preSolution
		Debug = Debug
		Release = Release
	EndGlobalSection
	GlobalSection(ProjectConfiguration) = postSolution
		{133FE223-F744-4EB9-B0DB-5C56A6E8C06D}.Debug.ActiveCfg = Debug|.NET
		{133FE223-F744-4EB9-B0DB-5C56A6E8C06D}.Debug.Build.0 = Debug|.NET
		{133FE223-F744-4EB9-B0DB-5C56A6E8C06D}.Release.ActiveCfg = Release|.NET
		{133FE223-F744-4EB9-B0DB-5C56A6E8C06D}.Release.Build.0 = Release|.NET
		{3B55693D-29E8-4CCC-B798-F52430DD99AA}.Debug.ActiveCfg = Debug|.NET
		{3B55693D-29E8-4CCC-B798-F52430DD99AA}.Debug.Build.0 = Debug|.NET
		{3B55693D-29E8-4CCC-B798-F52430DD99AA}.Release.ActiveCfg = Release|.NET
		{3B55693D-29E8-4CCC-B798-F52430DD99AA}.Release.Build.0 = Release|.NET
	EndGlobalSection
	GlobalSection(ExtensibilityGlobals) = postSolution
	EndGlobalSection
	GlobalSection(ExtensibilityAddIns) = postSolution
	EndGlobalSection
EndGlobal
